github.com/DATA-DOG/go-sqlmock v1.3.3/go.mod h1:f/Ixk793poVmq4qj/V1dPUg2JEAKC73Q5eFN3EC/SaM=
github.com/dimiro1/health v0.0.0-20191019130555-c5cbb4d46ffc h1:kdGq1rA1BUHEh5ZMyBLayhzj3OyTrBWBzQro1DDsRvM=
github.com/dimiro1/health v0.0.0-20191019130555-c5cbb4d46ffc/go.mod h1:k1oeNKpjma0O03u8mKfiKIDXPvqA3VDYq9+QNcPPvuE=
github.com/garyburd/redigo v0.0.0-20160302234602-4ed1111375cb/go.mod h1:NR3MbYisc3/PwhQ00EMzDiPmrwpPxAn5GI05/YaO1SY=
github.com/gomodule/redigo v2.0.0+incompatible/go.mod h1:B4C85qUVwatsJoIUNIfCRsp7qO0iAmpGFZ4EELWSbC4=
github.com/rafaeljusto/redigomock v0.0.0-20190202135759-257e089e14a1/go.mod h1:JaY6n2sDr+z2WTsXkOmNRUfDy6FN0L6Nk7x06ndm4tY=
